<?xml version="1.0" encoding="utf-8"?>
<Project ToolsVersion="4.0" xmlns="http://schemas.microsoft.com/developer/msbuild/2003">
  <ItemGroup>
    <Filter Include="Source Files">
      <UniqueIdentifier>{45ac6e02-75a2-4b3f-b383-f3e0b1c160ce}</UniqueIdentifier>
    </Filter>
    <Filter Include="Header Files">
      <UniqueIdentifier>{cff1395c-e201-492c-958a-cdaf261387c2}</UniqueIdentifier>
    </Filter>
  </ItemGroup>
  <ItemGroup>
    <ClCompile Include="BatchedGeometry.cpp">
      <Filter>Source Files</Filter>
    </ClCompile>
    <ClCompile Include="BatchPage.cpp">
      <Filter>Source Files</Filter>
    </ClCompile>
    <ClCompile Include="GrassLoader.cpp">
      <Filter>Source Files</Filter>
    </ClCompile>
    <ClCompile Include="ImpostorPage.cpp">
      <Filter>Source Files</Filter>
    </ClCompile>
    <ClCompile Include="PagedGeometry.cpp">
      <Filter>Source Files</Filter>
    </ClCompile>
    <ClCompile Include="PropertyMaps.cpp">
      <Filter>Source Files</Filter>
    </ClCompile>
    <ClCompile Include="StaticBillboardSet.cpp">
      <Filter>Source Files</Filter>
    </ClCompile>
    <ClCompile Include="TreeLoader2D.cpp">
      <Filter>Source Files</Filter>
    </ClCompile>
    <ClCompile Include="TreeLoader3D.cpp">
      <Filter>Source Files</Filter>
    </ClCompile>
    <ClCompile Include="WindBatchedGeometry.cpp">
      <Filter>Source Files</Filter>
    </ClCompile>
    <ClCompile Include="WindBatchPage.cpp">
      <Filter>Source Files</Filter>
    </ClCompile>
  </ItemGroup>
  <ItemGroup>
    <ClInclude Include="..\include\BatchedGeometry.h">
      <Filter>Header Files</Filter>
    </ClInclude>
    <ClInclude Include="..\include\BatchPage.h">
      <Filter>Header Files</Filter>
    </ClInclude>
    <ClInclude Include="..\include\GrassLoader.h">
      <Filter>Header Files</Filter>
    </ClInclude>
    <ClInclude Include="..\include\ImpostorPage.h">
      <Filter>Header Files</Filter>
    </ClInclude>
    <ClInclude Include="..\include\MersenneTwister.h">
      <Filter>Header Files</Filter>
    </ClInclude>
    <ClInclude Include="..\include\PagedGeometry.h">
      <Filter>Header Files</Filter>
    </ClInclude>
    <ClInclude Include="..\include\PagedGeometryConfig.h">
      <Filter>Header Files</Filter>
    </ClInclude>
    <ClInclude Include="..\include\PropertyMaps.h">
      <Filter>Header Files</Filter>
    </ClInclude>
    <ClInclude Include="..\include\RandomTable.h">
      <Filter>Header Files</Filter>
    </ClInclude>
    <ClInclude Include="..\include\StaticBillboardSet.h">
      <Filter>Header Files</Filter>
    </ClInclude>
    <ClInclude Include="..\include\TreeLoader2D.h">
      <Filter>Header Files</Filter>
    </ClInclude>
    <ClInclude Include="..\include\TreeLoader3D.h">
      <Filter>Header Files</Filter>
    </ClInclude>
    <ClInclude Include="..\include\WindBatchedGeometry.h">
      <Filter>Header Files</Filter>
    </ClInclude>
    <ClInclude Include="..\include\WindBatchPage.h">
      <Filter>Header Files</Filter>
    </ClInclude>
  </ItemGroup>
</Project>